
Microsoft Visual Studio Solution File, Format Version 12.00
# Visual Studio Version 16
VisualStudioVersion = 16.0.30204.135
MinimumVisualStudioVersion = 10.0.40219.1
Project("{FAE04EC0-301F-11D3-BF4B-00C04F79EFBC}") = "Booktable", "Booktable\Booktable.csproj", "{6F026505-0730-4B27-8985-2306D85E5755}"
EndProject
Global
	GlobalSection(SolutionConfigurationPlatforms) = preSolution
		Debug|Any CPU = Debug|Any CPU
		Release|Any CPU = Release|Any CPU
	EndGlobalSection
	GlobalSection(ProjectConfigurationPlatforms) = postSolution
		{6F026505-0730-4B27-8985-2306D85E5755}.Debug|Any CPU.ActiveCfg = Debug|Any CPU
		{6F026505-0730-4B27-8985-2306D85E5755}.Debug|Any CPU.Build.0 = Debug|Any CPU
		{6F026505-0730-4B27-8985-2306D85E5755}.Release|Any CPU.ActiveCfg = Release|Any CPU
		{6F026505-0730-4B27-8985-2306D85E5755}.Release|Any CPU.Build.0 = Release|Any CPU
	EndGlobalSection
	GlobalSection(SolutionProperties) = preSolution
		HideSolutionNode = FALSE
	EndGlobalSection
	GlobalSection(ExtensibilityGlobals) = postSolution
		SolutionGuid = {81EF5CA0-4458-4B4D-9953-9E75039C33F3}
	EndGlobalSection
EndGlobal
